// !$*UTF8*$!
{
	archiveVersion = 1;
	classes = {
	};
	objectVersion = 56;
	objects = {

/* Begin PBXBuildFile section */
		BBADD28229EF10460041BDBA /* LabelFactory.swift in Sources */ = {isa = PBXBuildFile; fileRef = BBADD28129EF10460041BDBA /* LabelFactory.swift */; };
		BBADD28529EF10AD0041BDBA /* ThemeColor.swift in Sources */ = {isa = PBXBuildFile; fileRef = BBADD28429EF10AD0041BDBA /* ThemeColor.swift */; };
		BBADD28829EF11EE0041BDBA /* UIColor+extension.swift in Sources */ = {isa = PBXBuildFile; fileRef = BBADD28729EF11EE0041BDBA /* UIColor+extension.swift */; };
		BBADD28A29EF12840041BDBA /* Strings.swift in Sources */ = {isa = PBXBuildFile; fileRef = BBADD28929EF12840041BDBA /* Strings.swift */; };
		BBADD28C29EF12AE0041BDBA /* ThemeFont.swift in Sources */ = {isa = PBXBuildFile; fileRef = BBADD28B29EF12AE0041BDBA /* ThemeFont.swift */; };
		BBD248AC29EF020900D5387F /* AppDelegate.swift in Sources */ = {isa = PBXBuildFile; fileRef = BBD248AB29EF020900D5387F /* AppDelegate.swift */; };
		BBD248AE29EF020900D5387F /* SceneDelegate.swift in Sources */ = {isa = PBXBuildFile; fileRef = BBD248AD29EF020900D5387F /* SceneDelegate.swift */; };
		BBD248B529EF020900D5387F /* Assets.xcassets in Resources */ = {isa = PBXBuildFile; fileRef = BBD248B429EF020900D5387F /* Assets.xcassets */; };
		BBD248B829EF020900D5387F /* LaunchScreen.storyboard in Resources */ = {isa = PBXBuildFile; fileRef = BBD248B629EF020900D5387F /* LaunchScreen.storyboard */; };
		BBD248C329EF020A00D5387F /* tip_calculator_3_0Tests.swift in Sources */ = {isa = PBXBuildFile; fileRef = BBD248C229EF020A00D5387F /* tip_calculator_3_0Tests.swift */; };
		BBD248CD29EF020A00D5387F /* tip_calculator_3_0UITests.swift in Sources */ = {isa = PBXBuildFile; fileRef = BBD248CC29EF020A00D5387F /* tip_calculator_3_0UITests.swift */; };
		BBD248CF29EF020A00D5387F /* tip_calculator_3_0UITestsLaunchTests.swift in Sources */ = {isa = PBXBuildFile; fileRef = BBD248CE29EF020A00D5387F /* tip_calculator_3_0UITestsLaunchTests.swift */; };
		BBD248E329EF03BE00D5387F /* SnapKit in Frameworks */ = {isa = PBXBuildFile; productRef = BBD248E229EF03BE00D5387F /* SnapKit */; };
		BBD248E629EF03DA00D5387F /* CombineCocoa in Frameworks */ = {isa = PBXBuildFile; productRef = BBD248E529EF03DA00D5387F /* CombineCocoa */; };
		BBD248E929EF03EC00D5387F /* CombineCocoa in Frameworks */ = {isa = PBXBuildFile; productRef = BBD248E829EF03EC00D5387F /* CombineCocoa */; };
		BBD248EC29EF040000D5387F /* SnapshotTesting in Frameworks */ = {isa = PBXBuildFile; productRef = BBD248EB29EF040000D5387F /* SnapshotTesting */; };
		BBD248EE29EF040700D5387F /* CombineCocoa in Frameworks */ = {isa = PBXBuildFile; productRef = BBD248ED29EF040700D5387F /* CombineCocoa */; };
		BBD248F529EF0AA200D5387F /* CalculatorViewController.swift in Sources */ = {isa = PBXBuildFile; fileRef = BBD248F329EF0AA200D5387F /* CalculatorViewController.swift */; };
		BBD248F629EF0AA200D5387F /* CalculatorViewController.xib in Resources */ = {isa = PBXBuildFile; fileRef = BBD248F429EF0AA200D5387F /* CalculatorViewController.xib */; };
		BBD248FB29EF0C9600D5387F /* LogoViewController.swift in Sources */ = {isa = PBXBuildFile; fileRef = BBD248F929EF0C9600D5387F /* LogoViewController.swift */; };
		BBD248FC29EF0C9600D5387F /* LogoViewController.xib in Resources */ = {isa = PBXBuildFile; fileRef = BBD248FA29EF0C9600D5387F /* LogoViewController.xib */; };
/* End PBXBuildFile section */

/* Begin PBXContainerItemProxy section */
		BBD248BF29EF020A00D5387F /* PBXContainerItemProxy */ = {
			isa = PBXContainerItemProxy;
			containerPortal = BBD248A029EF020900D5387F /* Project object */;
			proxyType = 1;
			remoteGlobalIDString = BBD248A729EF020900D5387F;
			remoteInfo = "tip-calculator-3.0";
		};
		BBD248C929EF020A00D5387F /* PBXContainerItemProxy */ = {
			isa = PBXContainerItemProxy;
			containerPortal = BBD248A029EF020900D5387F /* Project object */;
			proxyType = 1;
			remoteGlobalIDString = BBD248A729EF020900D5387F;
			remoteInfo = "tip-calculator-3.0";
		};
/* End PBXContainerItemProxy section */

/* Begin PBXFileReference section */
		BBADD28129EF10460041BDBA /* LabelFactory.swift */ = {isa = PBXFileReference; lastKnownFileType = sourcecode.swift; path = LabelFactory.swift; sourceTree = "<group>"; };
		BBADD28429EF10AD0041BDBA /* ThemeColor.swift */ = {isa = PBXFileReference; lastKnownFileType = sourcecode.swift; path = ThemeColor.swift; sourceTree = "<group>"; };
		BBADD28729EF11EE0041BDBA /* UIColor+extension.swift */ = {isa = PBXFileReference; lastKnownFileType = sourcecode.swift; path = "UIColor+extension.swift"; sourceTree = "<group>"; };
		BBADD28929EF12840041BDBA /* Strings.swift */ = {isa = PBXFileReference; fileEncoding = 4; lastKnownFileType = sourcecode.swift; path = Strings.swift; sourceTree = "<group>"; };
		BBADD28B29EF12AE0041BDBA /* ThemeFont.swift */ = {isa = PBXFileReference; fileEncoding = 4; lastKnownFileType = sourcecode.swift; path = ThemeFont.swift; sourceTree = "<group>"; };
		BBD248A829EF020900D5387F /* tip-calculator-3.0.app */ = {isa = PBXFileReference; explicitFileType = wrapper.application; includeInIndex = 0; path = "tip-calculator-3.0.app"; sourceTree = BUILT_PRODUCTS_DIR; };
		BBD248AB29EF020900D5387F /* AppDelegate.swift */ = {isa = PBXFileReference; lastKnownFileType = sourcecode.swift; path = AppDelegate.swift; sourceTree = "<group>"; };
		BBD248AD29EF020900D5387F /* SceneDelegate.swift */ = {isa = PBXFileReference; lastKnownFileType = sourcecode.swift; path = SceneDelegate.swift; sourceTree = "<group>"; };
		BBD248B429EF020900D5387F /* Assets.xcassets */ = {isa = PBXFileReference; lastKnownFileType = folder.assetcatalog; path = Assets.xcassets; sourceTree = "<group>"; };
		BBD248B729EF020900D5387F /* Base */ = {isa = PBXFileReference; lastKnownFileType = file.storyboard; name = Base; path = Base.lproj/LaunchScreen.storyboard; sourceTree = "<group>"; };
		BBD248B929EF020900D5387F /* Info.plist */ = {isa = PBXFileReference; lastKnownFileType = text.plist.xml; path = Info.plist; sourceTree = "<group>"; };
		BBD248BE29EF020A00D5387F /* tip-calculator-3.0Tests.xctest */ = {isa = PBXFileReference; explicitFileType = wrapper.cfbundle; includeInIndex = 0; path = "tip-calculator-3.0Tests.xctest"; sourceTree = BUILT_PRODUCTS_DIR; };
		BBD248C229EF020A00D5387F /* tip_calculator_3_0Tests.swift */ = {isa = PBXFileReference; lastKnownFileType = sourcecode.swift; path = tip_calculator_3_0Tests.swift; sourceTree = "<group>"; };
		BBD248C829EF020A00D5387F /* tip-calculator-3.0UITests.xctest */ = {isa = PBXFileReference; explicitFileType = wrapper.cfbundle; includeInIndex = 0; path = "tip-calculator-3.0UITests.xctest"; sourceTree = BUILT_PRODUCTS_DIR; };
		BBD248CC29EF020A00D5387F /* tip_calculator_3_0UITests.swift */ = {isa = PBXFileReference; lastKnownFileType = sourcecode.swift; path = tip_calculator_3_0UITests.swift; sourceTree = "<group>"; };
		BBD248CE29EF020A00D5387F /* tip_calculator_3_0UITestsLaunchTests.swift */ = {isa = PBXFileReference; lastKnownFileType = sourcecode.swift; path = tip_calculator_3_0UITestsLaunchTests.swift; sourceTree = "<group>"; };
		BBD248F329EF0AA200D5387F /* CalculatorViewController.swift */ = {isa = PBXFileReference; lastKnownFileType = sourcecode.swift; path = CalculatorViewController.swift; sourceTree = "<group>"; };
		BBD248F429EF0AA200D5387F /* CalculatorViewController.xib */ = {isa = PBXFileReference; lastKnownFileType = file.xib; path = CalculatorViewController.xib; sourceTree = "<group>"; };
		BBD248F929EF0C9600D5387F /* LogoViewController.swift */ = {isa = PBXFileReference; lastKnownFileType = sourcecode.swift; path = LogoViewController.swift; sourceTree = "<group>"; };
		BBD248FA29EF0C9600D5387F /* LogoViewController.xib */ = {isa = PBXFileReference; lastKnownFileType = file.xib; path = LogoViewController.xib; sourceTree = "<group>"; };
/* End PBXFileReference section */

/* Begin PBXFrameworksBuildPhase section */
		BBD248A529EF020900D5387F /* Frameworks */ = {
			isa = PBXFrameworksBuildPhase;
			buildActionMask = 2147483647;
			files = (
				BBD248E629EF03DA00D5387F /* CombineCocoa in Frameworks */,
				BBD248E329EF03BE00D5387F /* SnapKit in Frameworks */,
			);
			runOnlyForDeploymentPostprocessing = 0;
		};
		BBD248BB29EF020A00D5387F /* Frameworks */ = {
			isa = PBXFrameworksBuildPhase;
			buildActionMask = 2147483647;
			files = (
				BBD248E929EF03EC00D5387F /* CombineCocoa in Frameworks */,
				BBD248EC29EF040000D5387F /* SnapshotTesting in Frameworks */,
			);
			runOnlyForDeploymentPostprocessing = 0;
		};
		BBD248C529EF020A00D5387F /* Frameworks */ = {
			isa = PBXFrameworksBuildPhase;
			buildActionMask = 2147483647;
			files = (
				BBD248EE29EF040700D5387F /* CombineCocoa in Frameworks */,
			);
			runOnlyForDeploymentPostprocessing = 0;
		};
/* End PBXFrameworksBuildPhase section */

/* Begin PBXGroup section */
		BBADD28029EF10390041BDBA /* factory */ = {
			isa = PBXGroup;
			children = (
				BBADD28129EF10460041BDBA /* LabelFactory.swift */,
			);
			path = factory;
			sourceTree = "<group>";
		};
		BBADD28329EF109F0041BDBA /* config */ = {
			isa = PBXGroup;
			children = (
				BBADD28429EF10AD0041BDBA /* ThemeColor.swift */,
				BBADD28B29EF12AE0041BDBA /* ThemeFont.swift */,
				BBADD28929EF12840041BDBA /* Strings.swift */,
			);
			path = config;
			sourceTree = "<group>";
		};
		BBADD28629EF11E30041BDBA /* extension */ = {
			isa = PBXGroup;
			children = (
				BBADD28729EF11EE0041BDBA /* UIColor+extension.swift */,
			);
			path = extension;
			sourceTree = "<group>";
		};
		BBD2489F29EF020900D5387F = {
			isa = PBXGroup;
			children = (
				BBD248AA29EF020900D5387F /* tip-calculator-3.0 */,
				BBD248C129EF020A00D5387F /* tip-calculator-3.0Tests */,
				BBD248CB29EF020A00D5387F /* tip-calculator-3.0UITests */,
				BBD248A929EF020900D5387F /* Products */,
				BBD248E729EF03EC00D5387F /* Frameworks */,
			);
			sourceTree = "<group>";
		};
		BBD248A929EF020900D5387F /* Products */ = {
			isa = PBXGroup;
			children = (
				BBD248A829EF020900D5387F /* tip-calculator-3.0.app */,
				BBD248BE29EF020A00D5387F /* tip-calculator-3.0Tests.xctest */,
				BBD248C829EF020A00D5387F /* tip-calculator-3.0UITests.xctest */,
			);
			name = Products;
			sourceTree = "<group>";
		};
		BBD248AA29EF020900D5387F /* tip-calculator-3.0 */ = {
			isa = PBXGroup;
			children = (
				BBADD28629EF11E30041BDBA /* extension */,
				BBADD28329EF109F0041BDBA /* config */,
				BBADD28029EF10390041BDBA /* factory */,
				BBD248F729EF0C7000D5387F /* LogoView */,
				BBD248DB29EF037500D5387F /* Calculator */,
				BBD248AB29EF020900D5387F /* AppDelegate.swift */,
				BBD248AD29EF020900D5387F /* SceneDelegate.swift */,
				BBD248B429EF020900D5387F /* Assets.xcassets */,
				BBD248B629EF020900D5387F /* LaunchScreen.storyboard */,
				BBD248B929EF020900D5387F /* Info.plist */,
			);
			path = "tip-calculator-3.0";
			sourceTree = "<group>";
		};
		BBD248C129EF020A00D5387F /* tip-calculator-3.0Tests */ = {
			isa = PBXGroup;
			children = (
				BBD248C229EF020A00D5387F /* tip_calculator_3_0Tests.swift */,
			);
			path = "tip-calculator-3.0Tests";
			sourceTree = "<group>";
		};
		BBD248CB29EF020A00D5387F /* tip-calculator-3.0UITests */ = {
			isa = PBXGroup;
			children = (
				BBD248CC29EF020A00D5387F /* tip_calculator_3_0UITests.swift */,
				BBD248CE29EF020A00D5387F /* tip_calculator_3_0UITestsLaunchTests.swift */,
			);
			path = "tip-calculator-3.0UITests";
			sourceTree = "<group>";
		};
		BBD248DB29EF037500D5387F /* Calculator */ = {
			isa = PBXGroup;
			children = (
				BBD248DD29EF038C00D5387F /* viewModel */,
				BBD248DC29EF037D00D5387F /* viewController */,
			);
			path = Calculator;
			sourceTree = "<group>";
		};
		BBD248DC29EF037D00D5387F /* viewController */ = {
			isa = PBXGroup;
			children = (
				BBD248F329EF0AA200D5387F /* CalculatorViewController.swift */,
				BBD248F429EF0AA200D5387F /* CalculatorViewController.xib */,
			);
			path = viewController;
			sourceTree = "<group>";
		};
		BBD248DD29EF038C00D5387F /* viewModel */ = {
			isa = PBXGroup;
			children = (
			);
			path = viewModel;
			sourceTree = "<group>";
		};
		BBD248E729EF03EC00D5387F /* Frameworks */ = {
			isa = PBXGroup;
			children = (
			);
			name = Frameworks;
			sourceTree = "<group>";
		};
		BBD248F729EF0C7000D5387F /* LogoView */ = {
			isa = PBXGroup;
			children = (
				BBD248F829EF0C7D00D5387F /* viewController */,
			);
			path = LogoView;
			sourceTree = "<group>";
		};
		BBD248F829EF0C7D00D5387F /* viewController */ = {
			isa = PBXGroup;
			children = (
				BBD248F929EF0C9600D5387F /* LogoViewController.swift */,
				BBD248FA29EF0C9600D5387F /* LogoViewController.xib */,
			);
			path = viewController;
			sourceTree = "<group>";
		};
/* End PBXGroup section */

/* Begin PBXNativeTarget section */
		BBD248A729EF020900D5387F /* tip-calculator-3.0 */ = {
			isa = PBXNativeTarget;
			buildConfigurationList = BBD248D229EF020A00D5387F /* Build configuration list for PBXNativeTarget "tip-calculator-3.0" */;
			buildPhases = (
				BBD248A429EF020900D5387F /* Sources */,
				BBD248A529EF020900D5387F /* Frameworks */,
				BBD248A629EF020900D5387F /* Resources */,
			);
			buildRules = (
			);
			dependencies = (
			);
			name = "tip-calculator-3.0";
			packageProductDependencies = (
				BBD248E229EF03BE00D5387F /* SnapKit */,
				BBD248E529EF03DA00D5387F /* CombineCocoa */,
			);
			productName = "tip-calculator-3.0";
			productReference = BBD248A829EF020900D5387F /* tip-calculator-3.0.app */;
			productType = "com.apple.product-type.application";
		};
		BBD248BD29EF020A00D5387F /* tip-calculator-3.0Tests */ = {
			isa = PBXNativeTarget;
			buildConfigurationList = BBD248D529EF020A00D5387F /* Build configuration list for PBXNativeTarget "tip-calculator-3.0Tests" */;
			buildPhases = (
				BBD248BA29EF020A00D5387F /* Sources */,
				BBD248BB29EF020A00D5387F /* Frameworks */,
				BBD248BC29EF020A00D5387F /* Resources */,
			);
			buildRules = (
			);
			dependencies = (
				BBD248C029EF020A00D5387F /* PBXTargetDependency */,
			);
			name = "tip-calculator-3.0Tests";
			packageProductDependencies = (
				BBD248E829EF03EC00D5387F /* CombineCocoa */,
				BBD248EB29EF040000D5387F /* SnapshotTesting */,
			);
			productName = "tip-calculator-3.0Tests";
			productReference = BBD248BE29EF020A00D5387F /* tip-calculator-3.0Tests.xctest */;
			productType = "com.apple.product-type.bundle.unit-test";
		};
		BBD248C729EF020A00D5387F /* tip-calculator-3.0UITests */ = {
			isa = PBXNativeTarget;
			buildConfigurationList = BBD248D829EF020A00D5387F /* Build configuration list for PBXNativeTarget "tip-calculator-3.0UITests" */;
			buildPhases = (
				BBD248C429EF020A00D5387F /* Sources */,
				BBD248C529EF020A00D5387F /* Frameworks */,
				BBD248C629EF020A00D5387F /* Resources */,
			);
			buildRules = (
			);
			dependencies = (
				BBD248CA29EF020A00D5387F /* PBXTargetDependency */,
			);
			name = "tip-calculator-3.0UITests";
			packageProductDependencies = (
				BBD248ED29EF040700D5387F /* CombineCocoa */,
			);
			productName = "tip-calculator-3.0UITests";
			productReference = BBD248C829EF020A00D5387F /* tip-calculator-3.0UITests.xctest */;
			productType = "com.apple.product-type.bundle.ui-testing";
		};
/* End PBXNativeTarget section */

/* Begin PBXProject section */
		BBD248A029EF020900D5387F /* Project object */ = {
			isa = PBXProject;
			attributes = {
				BuildIndependentTargetsInParallel = 1;
				LastSwiftUpdateCheck = 1430;
				LastUpgradeCheck = 1430;
				TargetAttributes = {
					BBD248A729EF020900D5387F = {
						CreatedOnToolsVersion = 14.3;
					};
					BBD248BD29EF020A00D5387F = {
						CreatedOnToolsVersion = 14.3;
						TestTargetID = BBD248A729EF020900D5387F;
					};
					BBD248C729EF020A00D5387F = {
						CreatedOnToolsVersion = 14.3;
						TestTargetID = BBD248A729EF020900D5387F;
					};
				};
			};
			buildConfigurationList = BBD248A329EF020900D5387F /* Build configuration list for PBXProject "tip-calculator-3.0" */;
			compatibilityVersion = "Xcode 14.0";
			developmentRegion = en;
			hasScannedForEncodings = 0;
			knownRegions = (
				en,
				Base,
			);
			mainGroup = BBD2489F29EF020900D5387F;
			packageReferences = (
				BBD248E129EF03BE00D5387F /* XCRemoteSwiftPackageReference "SnapKit" */,
				BBD248E429EF03DA00D5387F /* XCRemoteSwiftPackageReference "CombineCocoa" */,
				BBD248EA29EF040000D5387F /* XCRemoteSwiftPackageReference "swift-snapshot-testing" */,
			);
			productRefGroup = BBD248A929EF020900D5387F /* Products */;
			projectDirPath = "";
			projectRoot = "";
			targets = (
				BBD248A729EF020900D5387F /* tip-calculator-3.0 */,
				BBD248BD29EF020A00D5387F /* tip-calculator-3.0Tests */,
				BBD248C729EF020A00D5387F /* tip-calculator-3.0UITests */,
			);
		};
/* End PBXProject section */

/* Begin PBXResourcesBuildPhase section */
		BBD248A629EF020900D5387F /* Resources */ = {
			isa = PBXResourcesBuildPhase;
			buildActionMask = 2147483647;
			files = (
				BBD248B829EF020900D5387F /* LaunchScreen.storyboard in Resources */,
				BBD248F629EF0AA200D5387F /* CalculatorViewController.xib in Resources */,
				BBD248B529EF020900D5387F /* Assets.xcassets in Resources */,
				BBD248FC29EF0C9600D5387F /* LogoViewController.xib in Resources */,
			);
			runOnlyForDeploymentPostprocessing = 0;
		};
		BBD248BC29EF020A00D5387F /* Resources */ = {
			isa = PBXResourcesBuildPhase;
			buildActionMask = 2147483647;
			files = (
			);
			runOnlyForDeploymentPostprocessing = 0;
		};
		BBD248C629EF020A00D5387F /* Resources */ = {
			isa = PBXResourcesBuildPhase;
			buildActionMask = 2147483647;
			files = (
			);
			runOnlyForDeploymentPostprocessing = 0;
		};
/* End PBXResourcesBuildPhase section */

/* Begin PBXSourcesBuildPhase section */
		BBD248A429EF020900D5387F /* Sources */ = {
			isa = PBXSourcesBuildPhase;
			buildActionMask = 2147483647;
			files = (
				BBD248AC29EF020900D5387F /* AppDelegate.swift in Sources */,
				BBD248F529EF0AA200D5387F /* CalculatorViewController.swift in Sources */,
				BBADD28A29EF12840041BDBA /* Strings.swift in Sources */,
				BBADD28C29EF12AE0041BDBA /* ThemeFont.swift in Sources */,
				BBD248AE29EF020900D5387F /* SceneDelegate.swift in Sources */,
				BBADD28829EF11EE0041BDBA /* UIColor+extension.swift in Sources */,
				BBADD28229EF10460041BDBA /* LabelFactory.swift in Sources */,
				BBD248FB29EF0C9600D5387F /* LogoViewController.swift in Sources */,
				BBADD28529EF10AD0041BDBA /* ThemeColor.swift in Sources */,
			);
			runOnlyForDeploymentPostprocessing = 0;
		};
		BBD248BA29EF020A00D5387F /* Sources */ = {
			isa = PBXSourcesBuildPhase;
			buildActionMask = 2147483647;
			files = (
				BBD248C329EF020A00D5387F /* tip_calculator_3_0Tests.swift in Sources */,
			);
			runOnlyForDeploymentPostprocessing = 0;
		};
		BBD248C429EF020A00D5387F /* Sources */ = {
			isa = PBXSourcesBuildPhase;
			buildActionMask = 2147483647;
			files = (
				BBD248CD29EF020A00D5387F /* tip_calculator_3_0UITests.swift in Sources */,
				BBD248CF29EF020A00D5387F /* tip_calculator_3_0UITestsLaunchTests.swift in Sources */,
			);
			runOnlyForDeploymentPostprocessing = 0;
		};
/* End PBXSourcesBuildPhase section */

/* Begin PBXTargetDependency section */
		BBD248C029EF020A00D5387F /* PBXTargetDependency */ = {
			isa = PBXTargetDependency;
			target = BBD248A729EF020900D5387F /* tip-calculator-3.0 */;
			targetProxy = BBD248BF29EF020A00D5387F /* PBXContainerItemProxy */;
		};
		BBD248CA29EF020A00D5387F /* PBXTargetDependency */ = {
			isa = PBXTargetDependency;
			target = BBD248A729EF020900D5387F /* tip-calculator-3.0 */;
			targetProxy = BBD248C929EF020A00D5387F /* PBXContainerItemProxy */;
		};
/* End PBXTargetDependency section */

/* Begin PBXVariantGroup section */
		BBD248B629EF020900D5387F /* LaunchScreen.storyboard */ = {
			isa = PBXVariantGroup;
			children = (
				BBD248B729EF020900D5387F /* Base */,
			);
			name = LaunchScreen.storyboard;
			sourceTree = "<group>";
		};
/* End PBXVariantGroup section */

/* Begin XCBuildConfiguration section */
		BBD248D029EF020A00D5387F /* Debug */ = {
			isa = XCBuildConfiguration;
			buildSettings = {
				ALWAYS_SEARCH_USER_PATHS = NO;
				CLANG_ANALYZER_NONNULL = YES;
				CLANG_ANALYZER_NUMBER_OBJECT_CONVERSION = YES_AGGRESSIVE;
				CLANG_CXX_LANGUAGE_STANDARD = "gnu++20";
				CLANG_ENABLE_MODULES = YES;
				CLANG_ENABLE_OBJC_ARC = YES;
				CLANG_ENABLE_OBJC_WEAK = YES;
				CLANG_WARN_BLOCK_CAPTURE_AUTORELEASING = YES;
				CLANG_WARN_BOOL_CONVERSION = YES;
				CLANG_WARN_COMMA = YES;
				CLANG_WARN_CONSTANT_CONVERSION = YES;
				CLANG_WARN_DEPRECATED_OBJC_IMPLEMENTATIONS = YES;
				CLANG_WARN_DIRECT_OBJC_ISA_USAGE = YES_ERROR;
				CLANG_WARN_DOCUMENTATION_COMMENTS = YES;
				CLANG_WARN_EMPTY_BODY = YES;
				CLANG_WARN_ENUM_CONVERSION = YES;
				CLANG_WARN_INFINITE_RECURSION = YES;
				CLANG_WARN_INT_CONVERSION = YES;
				CLANG_WARN_NON_LITERAL_NULL_CONVERSION = YES;
				CLANG_WARN_OBJC_IMPLICIT_RETAIN_SELF = YES;
				CLANG_WARN_OBJC_LITERAL_CONVERSION = YES;
				CLANG_WARN_OBJC_ROOT_CLASS = YES_ERROR;
				CLANG_WARN_QUOTED_INCLUDE_IN_FRAMEWORK_HEADER = YES;
				CLANG_WARN_RANGE_LOOP_ANALYSIS = YES;
				CLANG_WARN_STRICT_PROTOTYPES = YES;
				CLANG_WARN_SUSPICIOUS_MOVE = YES;
				CLANG_WARN_UNGUARDED_AVAILABILITY = YES_AGGRESSIVE;
				CLANG_WARN_UNREACHABLE_CODE = YES;
				CLANG_WARN__DUPLICATE_METHOD_MATCH = YES;
				COPY_PHASE_STRIP = NO;
				DEBUG_INFORMATION_FORMAT = dwarf;
				ENABLE_STRICT_OBJC_MSGSEND = YES;
				ENABLE_TESTABILITY = YES;
				GCC_C_LANGUAGE_STANDARD = gnu11;
				GCC_DYNAMIC_NO_PIC = NO;
				GCC_NO_COMMON_BLOCKS = YES;
				GCC_OPTIMIZATION_LEVEL = 0;
				GCC_PREPROCESSOR_DEFINITIONS = (
					"DEBUG=1",
					"$(inherited)",
				);
				GCC_WARN_64_TO_32_BIT_CONVERSION = YES;
				GCC_WARN_ABOUT_RETURN_TYPE = YES_ERROR;
				GCC_WARN_UNDECLARED_SELECTOR = YES;
				GCC_WARN_UNINITIALIZED_AUTOS = YES_AGGRESSIVE;
				GCC_WARN_UNUSED_FUNCTION = YES;
				GCC_WARN_UNUSED_VARIABLE = YES;
				IPHONEOS_DEPLOYMENT_TARGET = 16.4;
				MTL_ENABLE_DEBUG_INFO = INCLUDE_SOURCE;
				MTL_FAST_MATH = YES;
				ONLY_ACTIVE_ARCH = YES;
				SDKROOT = iphoneos;
				SWIFT_ACTIVE_COMPILATION_CONDITIONS = DEBUG;
				SWIFT_OPTIMIZATION_LEVEL = "-Onone";
			};
			name = Debug;
		};
		BBD248D129EF020A00D5387F /* Release */ = {
			isa = XCBuildConfiguration;
			buildSettings = {
				ALWAYS_SEARCH_USER_PATHS = NO;
				CLANG_ANALYZER_NONNULL = YES;
				CLANG_ANALYZER_NUMBER_OBJECT_CONVERSION = YES_AGGRESSIVE;
				CLANG_CXX_LANGUAGE_STANDARD = "gnu++20";
				CLANG_ENABLE_MODULES = YES;
				CLANG_ENABLE_OBJC_ARC = YES;
				CLANG_ENABLE_OBJC_WEAK = YES;
				CLANG_WARN_BLOCK_CAPTURE_AUTORELEASING = YES;
				CLANG_WARN_BOOL_CONVERSION = YES;
				CLANG_WARN_COMMA = YES;
				CLANG_WARN_CONSTANT_CONVERSION = YES;
				CLANG_WARN_DEPRECATED_OBJC_IMPLEMENTATIONS = YES;
				CLANG_WARN_DIRECT_OBJC_ISA_USAGE = YES_ERROR;
				CLANG_WARN_DOCUMENTATION_COMMENTS = YES;
				CLANG_WARN_EMPTY_BODY = YES;
				CLANG_WARN_ENUM_CONVERSION = YES;
				CLANG_WARN_INFINITE_RECURSION = YES;
				CLANG_WARN_INT_CONVERSION = YES;
				CLANG_WARN_NON_LITERAL_NULL_CONVERSION = YES;
				CLANG_WARN_OBJC_IMPLICIT_RETAIN_SELF = YES;
				CLANG_WARN_OBJC_LITERAL_CONVERSION = YES;
				CLANG_WARN_OBJC_ROOT_CLASS = YES_ERROR;
				CLANG_WARN_QUOTED_INCLUDE_IN_FRAMEWORK_HEADER = YES;
				CLANG_WARN_RANGE_LOOP_ANALYSIS = YES;
				CLANG_WARN_STRICT_PROTOTYPES = YES;
				CLANG_WARN_SUSPICIOUS_MOVE = YES;
				CLANG_WARN_UNGUARDED_AVAILABILITY = YES_AGGRESSIVE;
				CLANG_WARN_UNREACHABLE_CODE = YES;
				CLANG_WARN__DUPLICATE_METHOD_MATCH = YES;
				COPY_PHASE_STRIP = NO;
				DEBUG_INFORMATION_FORMAT = "dwarf-with-dsym";
				ENABLE_NS_ASSERTIONS = NO;
				ENABLE_STRICT_OBJC_MSGSEND = YES;
				GCC_C_LANGUAGE_STANDARD = gnu11;
				GCC_NO_COMMON_BLOCKS = YES;
				GCC_WARN_64_TO_32_BIT_CONVERSION = YES;
				GCC_WARN_ABOUT_RETURN_TYPE = YES_ERROR;
				GCC_WARN_UNDECLARED_SELECTOR = YES;
				GCC_WARN_UNINITIALIZED_AUTOS = YES_AGGRESSIVE;
				GCC_WARN_UNUSED_FUNCTION = YES;
				GCC_WARN_UNUSED_VARIABLE = YES;
				IPHONEOS_DEPLOYMENT_TARGET = 16.4;
				MTL_ENABLE_DEBUG_INFO = NO;
				MTL_FAST_MATH = YES;
				SDKROOT = iphoneos;
				SWIFT_COMPILATION_MODE = wholemodule;
				SWIFT_OPTIMIZATION_LEVEL = "-O";
				VALIDATE_PRODUCT = YES;
			};
			name = Release;
		};
		BBD248D329EF020A00D5387F /* Debug */ = {
			isa = XCBuildConfiguration;
			buildSettings = {
				ASSETCATALOG_COMPILER_APPICON_NAME = AppIcon;
				ASSETCATALOG_COMPILER_GLOBAL_ACCENT_COLOR_NAME = AccentColor;
				CODE_SIGN_STYLE = Automatic;
				CURRENT_PROJECT_VERSION = 1;
				DEVELOPMENT_TEAM = L8BW3D3BVS;
				GENERATE_INFOPLIST_FILE = YES;
				INFOPLIST_FILE = "tip-calculator-3.0/Info.plist";
				INFOPLIST_KEY_UIApplicationSupportsIndirectInputEvents = YES;
				INFOPLIST_KEY_UILaunchStoryboardName = LaunchScreen;
				INFOPLIST_KEY_UISupportedInterfaceOrientations_iPad = "UIInterfaceOrientationPortrait UIInterfaceOrientationPortraitUpsideDown UIInterfaceOrientationLandscapeLeft UIInterfaceOrientationLandscapeRight";
				INFOPLIST_KEY_UISupportedInterfaceOrientations_iPhone = "UIInterfaceOrientationPortrait UIInterfaceOrientationLandscapeLeft UIInterfaceOrientationLandscapeRight";
				LD_RUNPATH_SEARCH_PATHS = (
					"$(inherited)",
					"@executable_path/Frameworks",
				);
				MARKETING_VERSION = 1.0;
				PRODUCT_BUNDLE_IDENTIFIER = "com.davmayqui.tip-calculator-3-0";
				PRODUCT_NAME = "$(TARGET_NAME)";
				SWIFT_EMIT_LOC_STRINGS = YES;
				SWIFT_VERSION = 5.0;
				TARGETED_DEVICE_FAMILY = "1,2";
			};
			name = Debug;
		};
		BBD248D429EF020A00D5387F /* Release */ = {
			isa = XCBuildConfiguration;
			buildSettings = {
				ASSETCATALOG_COMPILER_APPICON_NAME = AppIcon;
				ASSETCATALOG_COMPILER_GLOBAL_ACCENT_COLOR_NAME = AccentColor;
				CODE_SIGN_STYLE = Automatic;
				CURRENT_PROJECT_VERSION = 1;
				DEVELOPMENT_TEAM = L8BW3D3BVS;
				GENERATE_INFOPLIST_FILE = YES;
				INFOPLIST_FILE = "tip-calculator-3.0/Info.plist";
				INFOPLIST_KEY_UIApplicationSupportsIndirectInputEvents = YES;
				INFOPLIST_KEY_UILaunchStoryboardName = LaunchScreen;
				INFOPLIST_KEY_UISupportedInterfaceOrientations_iPad = "UIInterfaceOrientationPortrait UIInterfaceOrientationPortraitUpsideDown UIInterfaceOrientationLandscapeLeft UIInterfaceOrientationLandscapeRight";
				INFOPLIST_KEY_UISupportedInterfaceOrientations_iPhone = "UIInterfaceOrientationPortrait UIInterfaceOrientationLandscapeLeft UIInterfaceOrientationLandscapeRight";
				LD_RUNPATH_SEARCH_PATHS = (
					"$(inherited)",
					"@executable_path/Frameworks",
				);
				MARKETING_VERSION = 1.0;
				PRODUCT_BUNDLE_IDENTIFIER = "com.davmayqui.tip-calculator-3-0";
				PRODUCT_NAME = "$(TARGET_NAME)";
				SWIFT_EMIT_LOC_STRINGS = YES;
				SWIFT_VERSION = 5.0;
				TARGETED_DEVICE_FAMILY = "1,2";
			};
			name = Release;
		};
		BBD248D629EF020A00D5387F /* Debug */ = {
			isa = XCBuildConfiguration;
			buildSettings = {
				ALWAYS_EMBED_SWIFT_STANDARD_LIBRARIES = YES;
				BUNDLE_LOADER = "$(TEST_HOST)";
				CODE_SIGN_STYLE = Automatic;
				CURRENT_PROJECT_VERSION = 1;
				DEVELOPMENT_TEAM = L8BW3D3BVS;
				GENERATE_INFOPLIST_FILE = YES;
				IPHONEOS_DEPLOYMENT_TARGET = 16.4;
				MARKETING_VERSION = 1.0;
				PRODUCT_BUNDLE_IDENTIFIER = "com.davmayqui.tip-calculator-3-0Tests";
				PRODUCT_NAME = "$(TARGET_NAME)";
				SWIFT_EMIT_LOC_STRINGS = NO;
				SWIFT_VERSION = 5.0;
				TARGETED_DEVICE_FAMILY = "1,2";
				TEST_HOST = "$(BUILT_PRODUCTS_DIR)/tip-calculator-3.0.app/$(BUNDLE_EXECUTABLE_FOLDER_PATH)/tip-calculator-3.0";
			};
			name = Debug;
		};
		BBD248D729EF020A00D5387F /* Release */ = {
			isa = XCBuildConfiguration;
			buildSettings = {
				ALWAYS_EMBED_SWIFT_STANDARD_LIBRARIES = YES;
				BUNDLE_LOADER = "$(TEST_HOST)";
				CODE_SIGN_STYLE = Automatic;
				CURRENT_PROJECT_VERSION = 1;
				DEVELOPMENT_TEAM = L8BW3D3BVS;
				GENERATE_INFOPLIST_FILE = YES;
				IPHONEOS_DEPLOYMENT_TARGET = 16.4;
				MARKETING_VERSION = 1.0;
				PRODUCT_BUNDLE_IDENTIFIER = "com.davmayqui.tip-calculator-3-0Tests";
				PRODUCT_NAME = "$(TARGET_NAME)";
				SWIFT_EMIT_LOC_STRINGS = NO;
				SWIFT_VERSION = 5.0;
				TARGETED_DEVICE_FAMILY = "1,2";
				TEST_HOST = "$(BUILT_PRODUCTS_DIR)/tip-calculator-3.0.app/$(BUNDLE_EXECUTABLE_FOLDER_PATH)/tip-calculator-3.0";
			};
			name = Release;
		};
		BBD248D929EF020A00D5387F /* Debug */ = {
			isa = XCBuildConfiguration;
			buildSettings = {
				ALWAYS_EMBED_SWIFT_STANDARD_LIBRARIES = YES;
				CODE_SIGN_STYLE = Automatic;
				CURRENT_PROJECT_VERSION = 1;
				DEVELOPMENT_TEAM = L8BW3D3BVS;
				GENERATE_INFOPLIST_FILE = YES;
				MARKETING_VERSION = 1.0;
				PRODUCT_BUNDLE_IDENTIFIER = "com.davmayqui.tip-calculator-3-0UITests";
				PRODUCT_NAME = "$(TARGET_NAME)";
				SWIFT_EMIT_LOC_STRINGS = NO;
				SWIFT_VERSION = 5.0;
				TARGETED_DEVICE_FAMILY = "1,2";
				TEST_TARGET_NAME = "tip-calculator-3.0";
			};
			name = Debug;
		};
		BBD248DA29EF020A00D5387F /* Release */ = {
			isa = XCBuildConfiguration;
			buildSettings = {
				ALWAYS_EMBED_SWIFT_STANDARD_LIBRARIES = YES;
				CODE_SIGN_STYLE = Automatic;
				CURRENT_PROJECT_VERSION = 1;
				DEVELOPMENT_TEAM = L8BW3D3BVS;
				GENERATE_INFOPLIST_FILE = YES;
				MARKETING_VERSION = 1.0;
				PRODUCT_BUNDLE_IDENTIFIER = "com.davmayqui.tip-calculator-3-0UITests";
				PRODUCT_NAME = "$(TARGET_NAME)";
				SWIFT_EMIT_LOC_STRINGS = NO;
				SWIFT_VERSION = 5.0;
				TARGETED_DEVICE_FAMILY = "1,2";
				TEST_TARGET_NAME = "tip-calculator-3.0";
			};
			name = Release;
		};
/* End XCBuildConfiguration section */

/* Begin XCConfigurationList section */
		BBD248A329EF020900D5387F /* Build configuration list for PBXProject "tip-calculator-3.0" */ = {
			isa = XCConfigurationList;
			buildConfigurations = (
				BBD248D029EF020A00D5387F /* Debug */,
				BBD248D129EF020A00D5387F /* Release */,
			);
			defaultConfigurationIsVisible = 0;
			defaultConfigurationName = Release;
		};
		BBD248D229EF020A00D5387F /* Build configuration list for PBXNativeTarget "tip-calculator-3.0" */ = {
			isa = XCConfigurationList;
			buildConfigurations = (
				BBD248D329EF020A00D5387F /* Debug */,
				BBD248D429EF020A00D5387F /* Release */,
			);
			defaultConfigurationIsVisible = 0;
			defaultConfigurationName = Release;
		};
		BBD248D529EF020A00D5387F /* Build configuration list for PBXNativeTarget "tip-calculator-3.0Tests" */ = {
			isa = XCConfigurationList;
			buildConfigurations = (
				BBD248D629EF020A00D5387F /* Debug */,
				BBD248D729EF020A00D5387F /* Release */,
			);
			defaultConfigurationIsVisible = 0;
			defaultConfigurationName = Release;
		};
		BBD248D829EF020A00D5387F /* Build configuration list for PBXNativeTarget "tip-calculator-3.0UITests" */ = {
			isa = XCConfigurationList;
			buildConfigurations = (
				BBD248D929EF020A00D5387F /* Debug */,
				BBD248DA29EF020A00D5387F /* Release */,
			);
			defaultConfigurationIsVisible = 0;
			defaultConfigurationName = Release;
		};
/* End XCConfigurationList section */

/* Begin XCRemoteSwiftPackageReference section */
		BBD248E129EF03BE00D5387F /* XCRemoteSwiftPackageReference "SnapKit" */ = {
			isa = XCRemoteSwiftPackageReference;
			repositoryURL = "https://github.com/SnapKit/SnapKit";
			requirement = {
				kind = upToNextMinorVersion;
				minimumVersion = 5.6.0;
			};
		};
		BBD248E429EF03DA00D5387F /* XCRemoteSwiftPackageReference "CombineCocoa" */ = {
			isa = XCRemoteSwiftPackageReference;
			repositoryURL = "https://github.com/CombineCommunity/CombineCocoa";
			requirement = {
				kind = upToNextMinorVersion;
				minimumVersion = 0.4.1;
			};
		};
		BBD248EA29EF040000D5387F /* XCRemoteSwiftPackageReference "swift-snapshot-testing" */ = {
			isa = XCRemoteSwiftPackageReference;
			repositoryURL = "https://github.com/pointfreeco/swift-snapshot-testing";
			requirement = {
				kind = upToNextMinorVersion;
				minimumVersion = 1.11.0;
			};
		};
/* End XCRemoteSwiftPackageReference section */

/* Begin XCSwiftPackageProductDependency section */
		BBD248E229EF03BE00D5387F /* SnapKit */ = {
			isa = XCSwiftPackageProductDependency;
			package = BBD248E129EF03BE00D5387F /* XCRemoteSwiftPackageReference "SnapKit" */;
			productName = SnapKit;
		};
		BBD248E529EF03DA00D5387F /* CombineCocoa */ = {
			isa = XCSwiftPackageProductDependency;
			package = BBD248E429EF03DA00D5387F /* XCRemoteSwiftPackageReference "CombineCocoa" */;
			productName = CombineCocoa;
		};
		BBD248E829EF03EC00D5387F /* CombineCocoa */ = {
			isa = XCSwiftPackageProductDependency;
			package = BBD248E429EF03DA00D5387F /* XCRemoteSwiftPackageReference "CombineCocoa" */;
			productName = CombineCocoa;
		};
		BBD248EB29EF040000D5387F /* SnapshotTesting */ = {
			isa = XCSwiftPackageProductDependency;
			package = BBD248EA29EF040000D5387F /* XCRemoteSwiftPackageReference "swift-snapshot-testing" */;
			productName = SnapshotTesting;
		};
		BBD248ED29EF040700D5387F /* CombineCocoa */ = {
			isa = XCSwiftPackageProductDependency;
			package = BBD248E429EF03DA00D5387F /* XCRemoteSwiftPackageReference "CombineCocoa" */;
			productName = CombineCocoa;
		};
/* End XCSwiftPackageProductDependency section */
	};
	rootObject = BBD248A029EF020900D5387F /* Project object */;
}
